Microsoft Visual Studio Solution File, Format Version 11.00
# Visual Studio 2008

Project("{94A12724-565A-8E6D-46EF-7B7AB1D4867E}") = "Catch the Dots", "Assembly-CSharp-firstpass-vs.csproj", "{E7E480F6-23A4-BC10-5FF6-8CBE7F384A4B}"
EndProject
Project("{94A12724-565A-8E6D-46EF-7B7AB1D4867E}") = "Catch the Dots", "Assembly-CSharp-vs.csproj", "{BCE7BE84-8D1C-D091-3958-F17F99342DA0}"
EndProject
Global
	GlobalSection(SolutionConfigurationPlatforms) = preSolution
		Debug|Any CPU = Debug|Any CPU
		Release|Any CPU = Release|Any CPU
	EndGlobalSection
	GlobalSection(ProjectConfigurationPlatforms) = postSolution
		{E7E480F6-23A4-BC10-5FF6-8CBE7F384A4B}.Debug|Any CPU.ActiveCfg = Debug|Any CPU
		{E7E480F6-23A4-BC10-5FF6-8CBE7F384A4B}.Debug|Any CPU.Build.0 = Debug|Any CPU
		{E7E480F6-23A4-BC10-5FF6-8CBE7F384A4B}.Release|Any CPU.ActiveCfg = Release|Any CPU
		{E7E480F6-23A4-BC10-5FF6-8CBE7F384A4B}.Release|Any CPU.Build.0 = Release|Any CPU
		{BCE7BE84-8D1C-D091-3958-F17F99342DA0}.Debug|Any CPU.ActiveCfg = Debug|Any CPU
		{BCE7BE84-8D1C-D091-3958-F17F99342DA0}.Debug|Any CPU.Build.0 = Debug|Any CPU
		{BCE7BE84-8D1C-D091-3958-F17F99342DA0}.Release|Any CPU.ActiveCfg = Release|Any CPU
		{BCE7BE84-8D1C-D091-3958-F17F99342DA0}.Release|Any CPU.Build.0 = Release|Any CPU
	EndGlobalSection
	GlobalSection(SolutionProperties) = preSolution
		HideSolutionNode = FALSE
	EndGlobalSection
																																																															GlobalSection(MonoDevelopProperties) = preSolution
		StartupItem = Assembly-CSharp.csproj
		Policies = $0
		$0.TextStylePolicy = $1
		$1.inheritsSet = null
		$1.scope = text/x-csharp
		$0.CSharpFormattingPolicy = $2
		$2.inheritsSet = Mono
		$2.inheritsScope = text/x-csharp
		$2.scope = text/x-csharp
		$0.TextStylePolicy = $3
		$3.FileWidth = 120
		$3.TabWidth = 4
		$3.IndentWidth = 4
		$3.EolMarker = Unix
		$3.inheritsSet = Mono
		$3.inheritsScope = text/plain
		$3.scope = text/plain
	EndGlobalSection

EndGlobal
